
Microsoft Visual Studio Solution File, Format Version 12.00
# Visual Studio 15
VisualStudioVersion = 15.0.28010.2046
MinimumVisualStudioVersion = 10.0.40219.1
Project("{FAE04EC0-301F-11D3-BF4B-00C04F79EFBC}") = "Xpoli.Service", "Xpoli.Service\Xpoli.Service.csproj", "{B5BB0DC6-21EE-4035-B1A0-A7864ED6E399}"
EndProject
Project("{FAE04EC0-301F-11D3-BF4B-00C04F79EFBC}") = "Xpoli.Model", "Xpoli.Model\Xpoli.Model.csproj", "{F1399BC5-ED08-4C6A-B29A-8704CE280071}"
EndProject
Global
	GlobalSection(SolutionConfigurationPlatforms) = preSolution
		Debug|Any CPU = Debug|Any CPU
		Release|Any CPU = Release|Any CPU
	EndGlobalSection
	GlobalSection(ProjectConfigurationPlatforms) = postSolution
		{B5BB0DC6-21EE-4035-B1A0-A7864ED6E399}.Debug|Any CPU.ActiveCfg = Debug|Any CPU
		{B5BB0DC6-21EE-4035-B1A0-A7864ED6E399}.Debug|Any CPU.Build.0 = Debug|Any CPU
		{B5BB0DC6-21EE-4035-B1A0-A7864ED6E399}.Release|Any CPU.ActiveCfg = Release|Any CPU
		{B5BB0DC6-21EE-4035-B1A0-A7864ED6E399}.Release|Any CPU.Build.0 = Release|Any CPU
		{F1399BC5-ED08-4C6A-B29A-8704CE280071}.Debug|Any CPU.ActiveCfg = Debug|Any CPU
		{F1399BC5-ED08-4C6A-B29A-8704CE280071}.Debug|Any CPU.Build.0 = Debug|Any CPU
		{F1399BC5-ED08-4C6A-B29A-8704CE280071}.Release|Any CPU.ActiveCfg = Release|Any CPU
		{F1399BC5-ED08-4C6A-B29A-8704CE280071}.Release|Any CPU.Build.0 = Release|Any CPU
	EndGlobalSection
	GlobalSection(SolutionProperties) = preSolution
		HideSolutionNode = FALSE
	EndGlobalSection
	GlobalSection(ExtensibilityGlobals) = postSolution
		SolutionGuid = {21F1CD4D-25D0-4201-B570-FAD3893E83C2}
	EndGlobalSection
EndGlobal
